
Microsoft Visual Studio Solution File, Format Version 12.00
# Visual Studio Version 17
VisualStudioVersion = 17.14.36414.22
MinimumVisualStudioVersion = 10.0.40219.1
Project("{FAE04EC0-301F-11D3-BF4B-00C04F79EFBC}") = "substitute", "substitute\substitute.csproj", "{B609C781-4D64-4902-AD03-519BFFC64520}"
EndProject
Project("{FAE04EC0-301F-11D3-BF4B-00C04F79EFBC}") = "temperature_conversion", "temperature_conversion\temperature_conversion.csproj", "{0FCC1A30-6E6B-420E-A5FB-23EB77A65B53}"
EndProject
Project("{FAE04EC0-301F-11D3-BF4B-00C04F79EFBC}") = "WordCounter", "WordCounter\WordCounter.csproj", "{D0B7F0F5-3766-429A-90DA-83DC9D39BE41}"
EndProject
Project("{FAE04EC0-301F-11D3-BF4B-00C04F79EFBC}") = "ProgressiveTaxCalculator", "ProgressiveTaxCalculator\ProgressiveTaxCalculator.csproj", "{63F5B321-2951-42EA-A198-545B9192CA36}"
EndProject
Project("{FAE04EC0-301F-11D3-BF4B-00C04F79EFBC}") = "NumberGuessGame", "NumberGuessGame\NumberGuessGame.csproj", "{282E2A62-67D4-44B4-8DE0-F970231BA268}"
EndProject
Project("{FAE04EC0-301F-11D3-BF4B-00C04F79EFBC}") = "LifePathNumberApp", "LifePathNumberApp\LifePathNumberApp.csproj", "{D76F4762-2F09-4966-B444-F3BAF5CB8F7B}"
EndProject
Global
	GlobalSection(SolutionConfigurationPlatforms) = preSolution
		Debug|Any CPU = Debug|Any CPU
		Release|Any CPU = Release|Any CPU
	EndGlobalSection
	GlobalSection(ProjectConfigurationPlatforms) = postSolution
		{B609C781-4D64-4902-AD03-519BFFC64520}.Debug|Any CPU.ActiveCfg = Debug|Any CPU
		{B609C781-4D64-4902-AD03-519BFFC64520}.Debug|Any CPU.Build.0 = Debug|Any CPU
		{B609C781-4D64-4902-AD03-519BFFC64520}.Release|Any CPU.ActiveCfg = Release|Any CPU
		{B609C781-4D64-4902-AD03-519BFFC64520}.Release|Any CPU.Build.0 = Release|Any CPU
		{0FCC1A30-6E6B-420E-A5FB-23EB77A65B53}.Debug|Any CPU.ActiveCfg = Debug|Any CPU
		{0FCC1A30-6E6B-420E-A5FB-23EB77A65B53}.Debug|Any CPU.Build.0 = Debug|Any CPU
		{0FCC1A30-6E6B-420E-A5FB-23EB77A65B53}.Release|Any CPU.ActiveCfg = Release|Any CPU
		{0FCC1A30-6E6B-420E-A5FB-23EB77A65B53}.Release|Any CPU.Build.0 = Release|Any CPU
		{D0B7F0F5-3766-429A-90DA-83DC9D39BE41}.Debug|Any CPU.ActiveCfg = Debug|Any CPU
		{D0B7F0F5-3766-429A-90DA-83DC9D39BE41}.Debug|Any CPU.Build.0 = Debug|Any CPU
		{D0B7F0F5-3766-429A-90DA-83DC9D39BE41}.Release|Any CPU.ActiveCfg = Release|Any CPU
		{D0B7F0F5-3766-429A-90DA-83DC9D39BE41}.Release|Any CPU.Build.0 = Release|Any CPU
		{63F5B321-2951-42EA-A198-545B9192CA36}.Debug|Any CPU.ActiveCfg = Debug|Any CPU
		{63F5B321-2951-42EA-A198-545B9192CA36}.Debug|Any CPU.Build.0 = Debug|Any CPU
		{63F5B321-2951-42EA-A198-545B9192CA36}.Release|Any CPU.ActiveCfg = Release|Any CPU
		{63F5B321-2951-42EA-A198-545B9192CA36}.Release|Any CPU.Build.0 = Release|Any CPU
		{282E2A62-67D4-44B4-8DE0-F970231BA268}.Debug|Any CPU.ActiveCfg = Debug|Any CPU
		{282E2A62-67D4-44B4-8DE0-F970231BA268}.Debug|Any CPU.Build.0 = Debug|Any CPU
		{282E2A62-67D4-44B4-8DE0-F970231BA268}.Release|Any CPU.ActiveCfg = Release|Any CPU
		{282E2A62-67D4-44B4-8DE0-F970231BA268}.Release|Any CPU.Build.0 = Release|Any CPU
		{D76F4762-2F09-4966-B444-F3BAF5CB8F7B}.Debug|Any CPU.ActiveCfg = Debug|Any CPU
		{D76F4762-2F09-4966-B444-F3BAF5CB8F7B}.Debug|Any CPU.Build.0 = Debug|Any CPU
		{D76F4762-2F09-4966-B444-F3BAF5CB8F7B}.Release|Any CPU.ActiveCfg = Release|Any CPU
		{D76F4762-2F09-4966-B444-F3BAF5CB8F7B}.Release|Any CPU.Build.0 = Release|Any CPU
	EndGlobalSection
	GlobalSection(SolutionProperties) = preSolution
		HideSolutionNode = FALSE
	EndGlobalSection
	GlobalSection(ExtensibilityGlobals) = postSolution
		SolutionGuid = {E8191A28-BB2A-44BF-BB7C-19A3ECD5705E}
	EndGlobalSection
EndGlobal
